
Microsoft Visual Studio Solution File, Format Version 12.00
# Visual Studio Version 17
VisualStudioVersion = 17.7.34031.279
MinimumVisualStudioVersion = 10.0.40219.1
Project("{FAE04EC0-301F-11D3-BF4B-00C04F79EFBC}") = "JobTastic", "JobTastic\JobTastic.csproj", "{264A12AE-0B4E-40A3-AF6F-AFDEFBDDE93D}"
EndProject
Project("{2150E333-8FDC-42A3-9474-1A3956D46DE8}") = "Solution Items", "Solution Items", "{8EFCB4A0-2550-48FD-A063-63AF772D457F}"
	ProjectSection(SolutionItems) = preProject
		.editorconfig = .editorconfig
	EndProjectSection
EndProject
Global
	GlobalSection(SolutionConfigurationPlatforms) = preSolution
		Debug|Any CPU = Debug|Any CPU
		Release|Any CPU = Release|Any CPU
	EndGlobalSection
	GlobalSection(ProjectConfigurationPlatforms) = postSolution
		{264A12AE-0B4E-40A3-AF6F-AFDEFBDDE93D}.Debug|Any CPU.ActiveCfg = Debug|Any CPU
		{264A12AE-0B4E-40A3-AF6F-AFDEFBDDE93D}.Debug|Any CPU.Build.0 = Debug|Any CPU
		{264A12AE-0B4E-40A3-AF6F-AFDEFBDDE93D}.Release|Any CPU.ActiveCfg = Release|Any CPU
		{264A12AE-0B4E-40A3-AF6F-AFDEFBDDE93D}.Release|Any CPU.Build.0 = Release|Any CPU
	EndGlobalSection
	GlobalSection(SolutionProperties) = preSolution
		HideSolutionNode = FALSE
	EndGlobalSection
	GlobalSection(ExtensibilityGlobals) = postSolution
		SolutionGuid = {6F70D328-4AAF-4A49-8A02-73567A5D82AC}
	EndGlobalSection
EndGlobal
